
Microsoft Visual Studio Solution File, Format Version 12.00
# Visual Studio 14
VisualStudioVersion = 14.0.24720.0
MinimumVisualStudioVersion = 10.0.40219.1
Project("{FAE04EC0-301F-11D3-BF4B-00C04F79EFBC}") = "AxControls", "AxControls\AxControls.csproj", "{6BCE121E-118A-41FD-952C-B81C96295E80}"
EndProject
Project("{54435603-DBB4-11D2-8724-00A0C9A8B90C}") = "AxControlsInstaller", "AxControlsInstaller\AxControlsInstaller.vdproj", "{F6D78292-A425-475B-8C90-2DF48279F52C}"
EndProject
Project("{FAE04EC0-301F-11D3-BF4B-00C04F79EFBC}") = "WebAppTest", "WebAppTest\WebAppTest.csproj", "{024334BE-F83B-419E-9999-61AE831991E5}"
EndProject
Global
	GlobalSection(SolutionConfigurationPlatforms) = preSolution
		Debug|Any CPU = Debug|Any CPU
		Release|Any CPU = Release|Any CPU
	EndGlobalSection
	GlobalSection(ProjectConfigurationPlatforms) = postSolution
		{6BCE121E-118A-41FD-952C-B81C96295E80}.Debug|Any CPU.ActiveCfg = Debug|Any CPU
		{6BCE121E-118A-41FD-952C-B81C96295E80}.Debug|Any CPU.Build.0 = Debug|Any CPU
		{6BCE121E-118A-41FD-952C-B81C96295E80}.Release|Any CPU.ActiveCfg = Release|Any CPU
		{6BCE121E-118A-41FD-952C-B81C96295E80}.Release|Any CPU.Build.0 = Release|Any CPU
		{F6D78292-A425-475B-8C90-2DF48279F52C}.Debug|Any CPU.ActiveCfg = Debug
		{F6D78292-A425-475B-8C90-2DF48279F52C}.Release|Any CPU.ActiveCfg = Release
		{024334BE-F83B-419E-9999-61AE831991E5}.Debug|Any CPU.ActiveCfg = Debug|Any CPU
		{024334BE-F83B-419E-9999-61AE831991E5}.Debug|Any CPU.Build.0 = Debug|Any CPU
		{024334BE-F83B-419E-9999-61AE831991E5}.Release|Any CPU.ActiveCfg = Release|Any CPU
		{024334BE-F83B-419E-9999-61AE831991E5}.Release|Any CPU.Build.0 = Release|Any CPU
	EndGlobalSection
	GlobalSection(SolutionProperties) = preSolution
		HideSolutionNode = FALSE
	EndGlobalSection
EndGlobal
